// !$*UTF8*$!
{
	archiveVersion = 1;
	classes = {
	};
	objectVersion = 50;
	objects = {

/* Begin PBXBuildFile section */
		1EC999B3264B5F4B00EA1A9C /* AppDelegate.swift in Sources */ = {isa = PBXBuildFile; fileRef = 1EC999B2264B5F4B00EA1A9C /* AppDelegate.swift */; };
		1EC999B5264B5F4B00EA1A9C /* SceneDelegate.swift in Sources */ = {isa = PBXBuildFile; fileRef = 1EC999B4264B5F4B00EA1A9C /* SceneDelegate.swift */; };
		1EC999B7264B5F4B00EA1A9C /* ViewController.swift in Sources */ = {isa = PBXBuildFile; fileRef = 1EC999B6264B5F4B00EA1A9C /* ViewController.swift */; };
		1EC999BA264B5F4B00EA1A9C /* Main.storyboard in Resources */ = {isa = PBXBuildFile; fileRef = 1EC999B8264B5F4B00EA1A9C /* Main.storyboard */; };
		1EC999BD264B5F4B00EA1A9C /* App_Signos.xcdatamodeld in Sources */ = {isa = PBXBuildFile; fileRef = 1EC999BB264B5F4B00EA1A9C /* App_Signos.xcdatamodeld */; };
		1EC999BF264B5F4C00EA1A9C /* Assets.xcassets in Resources */ = {isa = PBXBuildFile; fileRef = 1EC999BE264B5F4C00EA1A9C /* Assets.xcassets */; };
		1EC999C2264B5F4C00EA1A9C /* LaunchScreen.storyboard in Resources */ = {isa = PBXBuildFile; fileRef = 1EC999C0264B5F4C00EA1A9C /* LaunchScreen.storyboard */; };
/* End PBXBuildFile section */

/* Begin PBXFileReference section */
		1EC999AF264B5F4B00EA1A9C /* App_Signos.app */ = {isa = PBXFileReference; explicitFileType = wrapper.application; includeInIndex = 0; path = App_Signos.app; sourceTree = BUILT_PRODUCTS_DIR; };
		1EC999B2264B5F4B00EA1A9C /* AppDelegate.swift */ = {isa = PBXFileReference; lastKnownFileType = sourcecode.swift; path = AppDelegate.swift; sourceTree = "<group>"; };
		1EC999B4264B5F4B00EA1A9C /* SceneDelegate.swift */ = {isa = PBXFileReference; lastKnownFileType = sourcecode.swift; path = SceneDelegate.swift; sourceTree = "<group>"; };
		1EC999B6264B5F4B00EA1A9C /* ViewController.swift */ = {isa = PBXFileReference; lastKnownFileType = sourcecode.swift; path = ViewController.swift; sourceTree = "<group>"; };
		1EC999B9264B5F4B00EA1A9C /* Base */ = {isa = PBXFileReference; lastKnownFileType = file.storyboard; name = Base; path = Base.lproj/Main.storyboard; sourceTree = "<group>"; };
		1EC999BC264B5F4B00EA1A9C /* App_Signos.xcdatamodel */ = {isa = PBXFileReference; lastKnownFileType = wrapper.xcdatamodel; path = App_Signos.xcdatamodel; sourceTree = "<group>"; };
		1EC999BE264B5F4C00EA1A9C /* Assets.xcassets */ = {isa = PBXFileReference; lastKnownFileType = folder.assetcatalog; path = Assets.xcassets; sourceTree = "<group>"; };
		1EC999C1264B5F4C00EA1A9C /* Base */ = {isa = PBXFileReference; lastKnownFileType = file.storyboard; name = Base; path = Base.lproj/LaunchScreen.storyboard; sourceTree = "<group>"; };
		1EC999C3264B5F4C00EA1A9C /* Info.plist */ = {isa = PBXFileReference; lastKnownFileType = text.plist.xml; path = Info.plist; sourceTree = "<group>"; };
/* End PBXFileReference section */

/* Begin PBXFrameworksBuildPhase section */
		1EC999AC264B5F4B00EA1A9C /* Frameworks */ = {
			isa = PBXFrameworksBuildPhase;
			buildActionMask = 2147483647;
			files = (
			);
			runOnlyForDeploymentPostprocessing = 0;
		};
/* End PBXFrameworksBuildPhase section */

/* Begin PBXGroup section */
		1EC999A6264B5F4B00EA1A9C = {
			isa = PBXGroup;
			children = (
				1EC999B1264B5F4B00EA1A9C /* App_Signos */,
				1EC999B0264B5F4B00EA1A9C /* Products */,
			);
			sourceTree = "<group>";
		};
		1EC999B0264B5F4B00EA1A9C /* Products */ = {
			isa = PBXGroup;
			children = (
				1EC999AF264B5F4B00EA1A9C /* App_Signos.app */,
			);
			name = Products;
			sourceTree = "<group>";
		};
		1EC999B1264B5F4B00EA1A9C /* App_Signos */ = {
			isa = PBXGroup;
			children = (
				1EC999B2264B5F4B00EA1A9C /* AppDelegate.swift */,
				1EC999B4264B5F4B00EA1A9C /* SceneDelegate.swift */,
				1EC999B6264B5F4B00EA1A9C /* ViewController.swift */,
				1EC999B8264B5F4B00EA1A9C /* Main.storyboard */,
				1EC999BE264B5F4C00EA1A9C /* Assets.xcassets */,
				1EC999C0264B5F4C00EA1A9C /* LaunchScreen.storyboard */,
				1EC999C3264B5F4C00EA1A9C /* Info.plist */,
				1EC999BB264B5F4B00EA1A9C /* App_Signos.xcdatamodeld */,
			);
			path = App_Signos;
			sourceTree = "<group>";
		};
/* End PBXGroup section */

/* Begin PBXNativeTarget section */
		1EC999AE264B5F4B00EA1A9C /* App_Signos */ = {
			isa = PBXNativeTarget;
			buildConfigurationList = 1EC999C6264B5F4C00EA1A9C /* Build configuration list for PBXNativeTarget "App_Signos" */;
			buildPhases = (
				1EC999AB264B5F4B00EA1A9C /* Sources */,
				1EC999AC264B5F4B00EA1A9C /* Frameworks */,
				1EC999AD264B5F4B00EA1A9C /* Resources */,
			);
			buildRules = (
			);
			dependencies = (
			);
			name = App_Signos;
			productName = App_Signos;
			productReference = 1EC999AF264B5F4B00EA1A9C /* App_Signos.app */;
			productType = "com.apple.product-type.application";
		};
/* End PBXNativeTarget section */

/* Begin PBXProject section */
		1EC999A7264B5F4B00EA1A9C /* Project object */ = {
			isa = PBXProject;
			attributes = {
				LastSwiftUpdateCheck = 1250;
				LastUpgradeCheck = 1250;
				TargetAttributes = {
					1EC999AE264B5F4B00EA1A9C = {
						CreatedOnToolsVersion = 12.5;
					};
				};
			};
			buildConfigurationList = 1EC999AA264B5F4B00EA1A9C /* Build configuration list for PBXProject "App_Signos" */;
			compatibilityVersion = "Xcode 9.3";
			developmentRegion = en;
			hasScannedForEncodings = 0;
			knownRegions = (
				en,
				Base,
			);
			mainGroup = 1EC999A6264B5F4B00EA1A9C;
			productRefGroup = 1EC999B0264B5F4B00EA1A9C /* Products */;
			projectDirPath = "";
			projectRoot = "";
			targets = (
				1EC999AE264B5F4B00EA1A9C /* App_Signos */,
			);
		};
/* End PBXProject section */

/* Begin PBXResourcesBuildPhase section */
		1EC999AD264B5F4B00EA1A9C /* Resources */ = {
			isa = PBXResourcesBuildPhase;
			buildActionMask = 2147483647;
			files = (
				1EC999C2264B5F4C00EA1A9C /* LaunchScreen.storyboard in Resources */,
				1EC999BF264B5F4C00EA1A9C /* Assets.xcassets in Resources */,
				1EC999BA264B5F4B00EA1A9C /* Main.storyboard in Resources */,
			);
			runOnlyForDeploymentPostprocessing = 0;
		};
/* End PBXResourcesBuildPhase section */

/* Begin PBXSourcesBuildPhase section */
		1EC999AB264B5F4B00EA1A9C /* Sources */ = {
			isa = PBXSourcesBuildPhase;
			buildActionMask = 2147483647;
			files = (
				1EC999B7264B5F4B00EA1A9C /* ViewController.swift in Sources */,
				1EC999B3264B5F4B00EA1A9C /* AppDelegate.swift in Sources */,
				1EC999BD264B5F4B00EA1A9C /* App_Signos.xcdatamodeld in Sources */,
				1EC999B5264B5F4B00EA1A9C /* SceneDelegate.swift in Sources */,
			);
			runOnlyForDeploymentPostprocessing = 0;
		};
/* End PBXSourcesBuildPhase section */

/* Begin PBXVariantGroup section */
		1EC999B8264B5F4B00EA1A9C /* Main.storyboard */ = {
			isa = PBXVariantGroup;
			children = (
				1EC999B9264B5F4B00EA1A9C /* Base */,
			);
			name = Main.storyboard;
			sourceTree = "<group>";
		};
		1EC999C0264B5F4C00EA1A9C /* LaunchScreen.storyboard */ = {
			isa = PBXVariantGroup;
			children = (
				1EC999C1264B5F4C00EA1A9C /* Base */,
			);
			name = LaunchScreen.storyboard;
			sourceTree = "<group>";
		};
/* End PBXVariantGroup section */

/* Begin XCBuildConfiguration section */
		1EC999C4264B5F4C00EA1A9C /* Debug */ = {
			isa = XCBuildConfiguration;
			buildSettings = {
				ALWAYS_SEARCH_USER_PATHS = NO;
				CLANG_ANALYZER_NONNULL = YES;
				CLANG_ANALYZER_NUMBER_OBJECT_CONVERSION = YES_AGGRESSIVE;
				CLANG_CXX_LANGUAGE_STANDARD = "gnu++14";
				CLANG_CXX_LIBRARY = "libc++";
				CLANG_ENABLE_MODULES = YES;
				CLANG_ENABLE_OBJC_ARC = YES;
				CLANG_ENABLE_OBJC_WEAK = YES;
				CLANG_WARN_BLOCK_CAPTURE_AUTORELEASING = YES;
				CLANG_WARN_BOOL_CONVERSION = YES;
				CLANG_WARN_COMMA = YES;
				CLANG_WARN_CONSTANT_CONVERSION = YES;
				CLANG_WARN_DEPRECATED_OBJC_IMPLEMENTATIONS = YES;
				CLANG_WARN_DIRECT_OBJC_ISA_USAGE = YES_ERROR;
				CLANG_WARN_DOCUMENTATION_COMMENTS = YES;
				CLANG_WARN_EMPTY_BODY = YES;
				CLANG_WARN_ENUM_CONVERSION = YES;
				CLANG_WARN_INFINITE_RECURSION = YES;
				CLANG_WARN_INT_CONVERSION = YES;
				CLANG_WARN_NON_LITERAL_NULL_CONVERSION = YES;
				CLANG_WARN_OBJC_IMPLICIT_RETAIN_SELF = YES;
				CLANG_WARN_OBJC_LITERAL_CONVERSION = YES;
				CLANG_WARN_OBJC_ROOT_CLASS = YES_ERROR;
				CLANG_WARN_QUOTED_INCLUDE_IN_FRAMEWORK_HEADER = YES;
				CLANG_WARN_RANGE_LOOP_ANALYSIS = YES;
				CLANG_WARN_STRICT_PROTOTYPES = YES;
				CLANG_WARN_SUSPICIOUS_MOVE = YES;
				CLANG_WARN_UNGUARDED_AVAILABILITY = YES_AGGRESSIVE;
				CLANG_WARN_UNREACHABLE_CODE = YES;
				CLANG_WARN__DUPLICATE_METHOD_MATCH = YES;
				COPY_PHASE_STRIP = NO;
				DEBUG_INFORMATION_FORMAT = dwarf;
				ENABLE_STRICT_OBJC_MSGSEND = YES;
				ENABLE_TESTABILITY = YES;
				GCC_C_LANGUAGE_STANDARD = gnu11;
				GCC_DYNAMIC_NO_PIC = NO;
				GCC_NO_COMMON_BLOCKS = YES;
				GCC_OPTIMIZATION_LEVEL = 0;
				GCC_PREPROCESSOR_DEFINITIONS = (
					"DEBUG=1",
					"$(inherited)",
				);
				GCC_WARN_64_TO_32_BIT_CONVERSION = YES;
				GCC_WARN_ABOUT_RETURN_TYPE = YES_ERROR;
				GCC_WARN_UNDECLARED_SELECTOR = YES;
				GCC_WARN_UNINITIALIZED_AUTOS = YES_AGGRESSIVE;
				GCC_WARN_UNUSED_FUNCTION = YES;
				GCC_WARN_UNUSED_VARIABLE = YES;
				IPHONEOS_DEPLOYMENT_TARGET = 14.5;
				MTL_ENABLE_DEBUG_INFO = INCLUDE_SOURCE;
				MTL_FAST_MATH = YES;
				ONLY_ACTIVE_ARCH = YES;
				SDKROOT = iphoneos;
				SWIFT_ACTIVE_COMPILATION_CONDITIONS = DEBUG;
				SWIFT_OPTIMIZATION_LEVEL = "-Onone";
			};
			name = Debug;
		};
		1EC999C5264B5F4C00EA1A9C /* Release */ = {
			isa = XCBuildConfiguration;
			buildSettings = {
				ALWAYS_SEARCH_USER_PATHS = NO;
				CLANG_ANALYZER_NONNULL = YES;
				CLANG_ANALYZER_NUMBER_OBJECT_CONVERSION = YES_AGGRESSIVE;
				CLANG_CXX_LANGUAGE_STANDARD = "gnu++14";
				CLANG_CXX_LIBRARY = "libc++";
				CLANG_ENABLE_MODULES = YES;
				CLANG_ENABLE_OBJC_ARC = YES;
				CLANG_ENABLE_OBJC_WEAK = YES;
				CLANG_WARN_BLOCK_CAPTURE_AUTORELEASING = YES;
				CLANG_WARN_BOOL_CONVERSION = YES;
				CLANG_WARN_COMMA = YES;
				CLANG_WARN_CONSTANT_CONVERSION = YES;
				CLANG_WARN_DEPRECATED_OBJC_IMPLEMENTATIONS = YES;
				CLANG_WARN_DIRECT_OBJC_ISA_USAGE = YES_ERROR;
				CLANG_WARN_DOCUMENTATION_COMMENTS = YES;
				CLANG_WARN_EMPTY_BODY = YES;
				CLANG_WARN_ENUM_CONVERSION = YES;
				CLANG_WARN_INFINITE_RECURSION = YES;
				CLANG_WARN_INT_CONVERSION = YES;
				CLANG_WARN_NON_LITERAL_NULL_CONVERSION = YES;
				CLANG_WARN_OBJC_IMPLICIT_RETAIN_SELF = YES;
				CLANG_WARN_OBJC_LITERAL_CONVERSION = YES;
				CLANG_WARN_OBJC_ROOT_CLASS = YES_ERROR;
				CLANG_WARN_QUOTED_INCLUDE_IN_FRAMEWORK_HEADER = YES;
				CLANG_WARN_RANGE_LOOP_ANALYSIS = YES;
				CLANG_WARN_STRICT_PROTOTYPES = YES;
				CLANG_WARN_SUSPICIOUS_MOVE = YES;
				CLANG_WARN_UNGUARDED_AVAILABILITY = YES_AGGRESSIVE;
				CLANG_WARN_UNREACHABLE_CODE = YES;
				CLANG_WARN__DUPLICATE_METHOD_MATCH = YES;
				COPY_PHASE_STRIP = NO;
				DEBUG_INFORMATION_FORMAT = "dwarf-with-dsym";
				ENABLE_NS_ASSERTIONS = NO;
				ENABLE_STRICT_OBJC_MSGSEND = YES;
				GCC_C_LANGUAGE_STANDARD = gnu11;
				GCC_NO_COMMON_BLOCKS = YES;
				GCC_WARN_64_TO_32_BIT_CONVERSION = YES;
				GCC_WARN_ABOUT_RETURN_TYPE = YES_ERROR;
				GCC_WARN_UNDECLARED_SELECTOR = YES;
				GCC_WARN_UNINITIALIZED_AUTOS = YES_AGGRESSIVE;
				GCC_WARN_UNUSED_FUNCTION = YES;
				GCC_WARN_UNUSED_VARIABLE = YES;
				IPHONEOS_DEPLOYMENT_TARGET = 14.5;
				MTL_ENABLE_DEBUG_INFO = NO;
				MTL_FAST_MATH = YES;
				SDKROOT = iphoneos;
				SWIFT_COMPILATION_MODE = wholemodule;
				SWIFT_OPTIMIZATION_LEVEL = "-O";
				VALIDATE_PRODUCT = YES;
			};
			name = Release;
		};
		1EC999C7264B5F4C00EA1A9C /* Debug */ = {
			isa = XCBuildConfiguration;
			buildSettings = {
				ASSETCATALOG_COMPILER_APPICON_NAME = AppIcon;
				ASSETCATALOG_COMPILER_GLOBAL_ACCENT_COLOR_NAME = AccentColor;
				CODE_SIGN_STYLE = Automatic;
				DEVELOPMENT_TEAM = 9Y3YYN3XLN;
				INFOPLIST_FILE = App_Signos/Info.plist;
				LD_RUNPATH_SEARCH_PATHS = (
					"$(inherited)",
					"@executable_path/Frameworks",
				);
				PRODUCT_BUNDLE_IDENTIFIER = "com.kaique.App-Signos";
				PRODUCT_NAME = "$(TARGET_NAME)";
				SWIFT_VERSION = 5.0;
				TARGETED_DEVICE_FAMILY = "1,2";
			};
			name = Debug;
		};
		1EC999C8264B5F4C00EA1A9C /* Release */ = {
			isa = XCBuildConfiguration;
			buildSettings = {
				ASSETCATALOG_COMPILER_APPICON_NAME = AppIcon;
				ASSETCATALOG_COMPILER_GLOBAL_ACCENT_COLOR_NAME = AccentColor;
				CODE_SIGN_STYLE = Automatic;
				DEVELOPMENT_TEAM = 9Y3YYN3XLN;
				INFOPLIST_FILE = App_Signos/Info.plist;
				LD_RUNPATH_SEARCH_PATHS = (
					"$(inherited)",
					"@executable_path/Frameworks",
				);
				PRODUCT_BUNDLE_IDENTIFIER = "com.kaique.App-Signos";
				PRODUCT_NAME = "$(TARGET_NAME)";
				SWIFT_VERSION = 5.0;
				TARGETED_DEVICE_FAMILY = "1,2";
			};
			name = Release;
		};
/* End XCBuildConfiguration section */

/* Begin XCConfigurationList section */
		1EC999AA264B5F4B00EA1A9C /* Build configuration list for PBXProject "App_Signos" */ = {
			isa = XCConfigurationList;
			buildConfigurations = (
				1EC999C4264B5F4C00EA1A9C /* Debug */,
				1EC999C5264B5F4C00EA1A9C /* Release */,
			);
			defaultConfigurationIsVisible = 0;
			defaultConfigurationName = Release;
		};
		1EC999C6264B5F4C00EA1A9C /* Build configuration list for PBXNativeTarget "App_Signos" */ = {
			isa = XCConfigurationList;
			buildConfigurations = (
				1EC999C7264B5F4C00EA1A9C /* Debug */,
				1EC999C8264B5F4C00EA1A9C /* Release */,
			);
			defaultConfigurationIsVisible = 0;
			defaultConfigurationName = Release;
		};
/* End XCConfigurationList section */

/* Begin XCVersionGroup section */
		1EC999BB264B5F4B00EA1A9C /* App_Signos.xcdatamodeld */ = {
			isa = XCVersionGroup;
			children = (
				1EC999BC264B5F4B00EA1A9C /* App_Signos.xcdatamodel */,
			);
			currentVersion = 1EC999BC264B5F4B00EA1A9C /* App_Signos.xcdatamodel */;
			path = App_Signos.xcdatamodeld;
			sourceTree = "<group>";
			versionGroupType = wrapper.xcdatamodel;
		};
/* End XCVersionGroup section */
	};
	rootObject = 1EC999A7264B5F4B00EA1A9C /* Project object */;
}
